// !$*UTF8*$!
{
	archiveVersion = 1;
	classes = {
	};
	objectVersion = 50;
	objects = {

/* Begin PBXBuildFile section */
		0620A55A05D9C09FE6973724 /* Pods_GoldPriceApp.framework in Frameworks */ = {isa = PBXBuildFile; fileRef = CF3DFFD51DE6F9EA050614C5 /* Pods_GoldPriceApp.framework */; };
		8BDA279325BECD8F0067E2CA /* AppDelegate.swift in Sources */ = {isa = PBXBuildFile; fileRef = 8BDA279225BECD8F0067E2CA /* AppDelegate.swift */; };
		8BDA279525BECD8F0067E2CA /* SceneDelegate.swift in Sources */ = {isa = PBXBuildFile; fileRef = 8BDA279425BECD8F0067E2CA /* SceneDelegate.swift */; };
		8BDA279725BECD8F0067E2CA /* ViewController.swift in Sources */ = {isa = PBXBuildFile; fileRef = 8BDA279625BECD8F0067E2CA /* ViewController.swift */; };
		8BDA279A25BECD8F0067E2CA /* Main.storyboard in Resources */ = {isa = PBXBuildFile; fileRef = 8BDA279825BECD8F0067E2CA /* Main.storyboard */; };
		8BDA279C25BECD900067E2CA /* Assets.xcassets in Resources */ = {isa = PBXBuildFile; fileRef = 8BDA279B25BECD900067E2CA /* Assets.xcassets */; };
		8BDA279F25BECD900067E2CA /* LaunchScreen.storyboard in Resources */ = {isa = PBXBuildFile; fileRef = 8BDA279D25BECD900067E2CA /* LaunchScreen.storyboard */; };
/* End PBXBuildFile section */

/* Begin PBXFileReference section */
		0D74405918A77E2AFE36BF8A /* Pods-GoldPriceApp.release.xcconfig */ = {isa = PBXFileReference; includeInIndex = 1; lastKnownFileType = text.xcconfig; name = "Pods-GoldPriceApp.release.xcconfig"; path = "Target Support Files/Pods-GoldPriceApp/Pods-GoldPriceApp.release.xcconfig"; sourceTree = "<group>"; };
		8BDA278F25BECD8F0067E2CA /* GoldPriceApp.app */ = {isa = PBXFileReference; explicitFileType = wrapper.application; includeInIndex = 0; path = GoldPriceApp.app; sourceTree = BUILT_PRODUCTS_DIR; };
		8BDA279225BECD8F0067E2CA /* AppDelegate.swift */ = {isa = PBXFileReference; lastKnownFileType = sourcecode.swift; path = AppDelegate.swift; sourceTree = "<group>"; };
		8BDA279425BECD8F0067E2CA /* SceneDelegate.swift */ = {isa = PBXFileReference; lastKnownFileType = sourcecode.swift; path = SceneDelegate.swift; sourceTree = "<group>"; };
		8BDA279625BECD8F0067E2CA /* ViewController.swift */ = {isa = PBXFileReference; lastKnownFileType = sourcecode.swift; path = ViewController.swift; sourceTree = "<group>"; };
		8BDA279925BECD8F0067E2CA /* Base */ = {isa = PBXFileReference; lastKnownFileType = file.storyboard; name = Base; path = Base.lproj/Main.storyboard; sourceTree = "<group>"; };
		8BDA279B25BECD900067E2CA /* Assets.xcassets */ = {isa = PBXFileReference; lastKnownFileType = folder.assetcatalog; path = Assets.xcassets; sourceTree = "<group>"; };
		8BDA279E25BECD900067E2CA /* Base */ = {isa = PBXFileReference; lastKnownFileType = file.storyboard; name = Base; path = Base.lproj/LaunchScreen.storyboard; sourceTree = "<group>"; };
		8BDA27A025BECD900067E2CA /* Info.plist */ = {isa = PBXFileReference; lastKnownFileType = text.plist.xml; path = Info.plist; sourceTree = "<group>"; };
		CF3DFFD51DE6F9EA050614C5 /* Pods_GoldPriceApp.framework */ = {isa = PBXFileReference; explicitFileType = wrapper.framework; includeInIndex = 0; path = Pods_GoldPriceApp.framework; sourceTree = BUILT_PRODUCTS_DIR; };
		E567DA541CD2FA1A5DE57090 /* Pods-GoldPriceApp.debug.xcconfig */ = {isa = PBXFileReference; includeInIndex = 1; lastKnownFileType = text.xcconfig; name = "Pods-GoldPriceApp.debug.xcconfig"; path = "Target Support Files/Pods-GoldPriceApp/Pods-GoldPriceApp.debug.xcconfig"; sourceTree = "<group>"; };
/* End PBXFileReference section */

/* Begin PBXFrameworksBuildPhase section */
		8BDA278C25BECD8F0067E2CA /* Frameworks */ = {
			isa = PBXFrameworksBuildPhase;
			buildActionMask = 2147483647;
			files = (
				0620A55A05D9C09FE6973724 /* Pods_GoldPriceApp.framework in Frameworks */,
			);
			runOnlyForDeploymentPostprocessing = 0;
		};
/* End PBXFrameworksBuildPhase section */

/* Begin PBXGroup section */
		795451605196DEAFA3C58BD7 /* Pods */ = {
			isa = PBXGroup;
			children = (
				E567DA541CD2FA1A5DE57090 /* Pods-GoldPriceApp.debug.xcconfig */,
				0D74405918A77E2AFE36BF8A /* Pods-GoldPriceApp.release.xcconfig */,
			);
			name = Pods;
			path = Pods;
			sourceTree = "<group>";
		};
		80C9FD673ED1845F1D741EC7 /* Frameworks */ = {
			isa = PBXGroup;
			children = (
				CF3DFFD51DE6F9EA050614C5 /* Pods_GoldPriceApp.framework */,
			);
			name = Frameworks;
			sourceTree = "<group>";
		};
		8BDA278625BECD8F0067E2CA = {
			isa = PBXGroup;
			children = (
				8BDA279125BECD8F0067E2CA /* GoldPriceApp */,
				8BDA279025BECD8F0067E2CA /* Products */,
				795451605196DEAFA3C58BD7 /* Pods */,
				80C9FD673ED1845F1D741EC7 /* Frameworks */,
			);
			sourceTree = "<group>";
		};
		8BDA279025BECD8F0067E2CA /* Products */ = {
			isa = PBXGroup;
			children = (
				8BDA278F25BECD8F0067E2CA /* GoldPriceApp.app */,
			);
			name = Products;
			sourceTree = "<group>";
		};
		8BDA279125BECD8F0067E2CA /* GoldPriceApp */ = {
			isa = PBXGroup;
			children = (
				8BDA279225BECD8F0067E2CA /* AppDelegate.swift */,
				8BDA279425BECD8F0067E2CA /* SceneDelegate.swift */,
				8BDA279625BECD8F0067E2CA /* ViewController.swift */,
				8BDA279825BECD8F0067E2CA /* Main.storyboard */,
				8BDA279B25BECD900067E2CA /* Assets.xcassets */,
				8BDA279D25BECD900067E2CA /* LaunchScreen.storyboard */,
				8BDA27A025BECD900067E2CA /* Info.plist */,
			);
			path = GoldPriceApp;
			sourceTree = "<group>";
		};
/* End PBXGroup section */

/* Begin PBXNativeTarget section */
		8BDA278E25BECD8F0067E2CA /* GoldPriceApp */ = {
			isa = PBXNativeTarget;
			buildConfigurationList = 8BDA27A325BECD900067E2CA /* Build configuration list for PBXNativeTarget "GoldPriceApp" */;
			buildPhases = (
				50DCD3E115A53C3E68F97A54 /* [CP] Check Pods Manifest.lock */,
				8BDA278B25BECD8F0067E2CA /* Sources */,
				8BDA278C25BECD8F0067E2CA /* Frameworks */,
				8BDA278D25BECD8F0067E2CA /* Resources */,
				54F8753B12311AF3CC5733FD /* [CP] Embed Pods Frameworks */,
			);
			buildRules = (
			);
			dependencies = (
			);
			name = GoldPriceApp;
			productName = GoldPriceApp;
			productReference = 8BDA278F25BECD8F0067E2CA /* GoldPriceApp.app */;
			productType = "com.apple.product-type.application";
		};
/* End PBXNativeTarget section */

/* Begin PBXProject section */
		8BDA278725BECD8F0067E2CA /* Project object */ = {
			isa = PBXProject;
			attributes = {
				LastSwiftUpdateCheck = 1230;
				LastUpgradeCheck = 1230;
				TargetAttributes = {
					8BDA278E25BECD8F0067E2CA = {
						CreatedOnToolsVersion = 12.3;
					};
				};
			};
			buildConfigurationList = 8BDA278A25BECD8F0067E2CA /* Build configuration list for PBXProject "GoldPriceApp" */;
			compatibilityVersion = "Xcode 9.3";
			developmentRegion = en;
			hasScannedForEncodings = 0;
			knownRegions = (
				en,
				Base,
			);
			mainGroup = 8BDA278625BECD8F0067E2CA;
			productRefGroup = 8BDA279025BECD8F0067E2CA /* Products */;
			projectDirPath = "";
			projectRoot = "";
			targets = (
				8BDA278E25BECD8F0067E2CA /* GoldPriceApp */,
			);
		};
/* End PBXProject section */

/* Begin PBXResourcesBuildPhase section */
		8BDA278D25BECD8F0067E2CA /* Resources */ = {
			isa = PBXResourcesBuildPhase;
			buildActionMask = 2147483647;
			files = (
				8BDA279F25BECD900067E2CA /* LaunchScreen.storyboard in Resources */,
				8BDA279C25BECD900067E2CA /* Assets.xcassets in Resources */,
				8BDA279A25BECD8F0067E2CA /* Main.storyboard in Resources */,
			);
			runOnlyForDeploymentPostprocessing = 0;
		};
/* End PBXResourcesBuildPhase section */

/* Begin PBXShellScriptBuildPhase section */
		50DCD3E115A53C3E68F97A54 /* [CP] Check Pods Manifest.lock */ = {
			isa = PBXShellScriptBuildPhase;
			buildActionMask = 2147483647;
			files = (
			);
			inputFileListPaths = (
			);
			inputPaths = (
				"${PODS_PODFILE_DIR_PATH}/Podfile.lock",
				"${PODS_ROOT}/Manifest.lock",
			);
			name = "[CP] Check Pods Manifest.lock";
			outputFileListPaths = (
			);
			outputPaths = (
				"$(DERIVED_FILE_DIR)/Pods-GoldPriceApp-checkManifestLockResult.txt",
			);
			runOnlyForDeploymentPostprocessing = 0;
			shellPath = /bin/sh;
			shellScript = "diff \"${PODS_PODFILE_DIR_PATH}/Podfile.lock\" \"${PODS_ROOT}/Manifest.lock\" > /dev/null\nif [ $? != 0 ] ; then\n    # print error to STDERR\n    echo \"error: The sandbox is not in sync with the Podfile.lock. Run 'pod install' or update your CocoaPods installation.\" >&2\n    exit 1\nfi\n# This output is used by Xcode 'outputs' to avoid re-running this script phase.\necho \"SUCCESS\" > \"${SCRIPT_OUTPUT_FILE_0}\"\n";
			showEnvVarsInLog = 0;
		};
		54F8753B12311AF3CC5733FD /* [CP] Embed Pods Frameworks */ = {
			isa = PBXShellScriptBuildPhase;
			buildActionMask = 2147483647;
			files = (
			);
			inputFileListPaths = (
				"${PODS_ROOT}/Target Support Files/Pods-GoldPriceApp/Pods-GoldPriceApp-frameworks-${CONFIGURATION}-input-files.xcfilelist",
			);
			name = "[CP] Embed Pods Frameworks";
			outputFileListPaths = (
				"${PODS_ROOT}/Target Support Files/Pods-GoldPriceApp/Pods-GoldPriceApp-frameworks-${CONFIGURATION}-output-files.xcfilelist",
			);
			runOnlyForDeploymentPostprocessing = 0;
			shellPath = /bin/sh;
			shellScript = "\"${PODS_ROOT}/Target Support Files/Pods-GoldPriceApp/Pods-GoldPriceApp-frameworks.sh\"\n";
			showEnvVarsInLog = 0;
		};
/* End PBXShellScriptBuildPhase section */

/* Begin PBXSourcesBuildPhase section */
		8BDA278B25BECD8F0067E2CA /* Sources */ = {
			isa = PBXSourcesBuildPhase;
			buildActionMask = 2147483647;
			files = (
				8BDA279725BECD8F0067E2CA /* ViewController.swift in Sources */,
				8BDA279325BECD8F0067E2CA /* AppDelegate.swift in Sources */,
				8BDA279525BECD8F0067E2CA /* SceneDelegate.swift in Sources */,
			);
			runOnlyForDeploymentPostprocessing = 0;
		};
/* End PBXSourcesBuildPhase section */

/* Begin PBXVariantGroup section */
		8BDA279825BECD8F0067E2CA /* Main.storyboard */ = {
			isa = PBXVariantGroup;
			children = (
				8BDA279925BECD8F0067E2CA /* Base */,
			);
			name = Main.storyboard;
			sourceTree = "<group>";
		};
		8BDA279D25BECD900067E2CA /* LaunchScreen.storyboard */ = {
			isa = PBXVariantGroup;
			children = (
				8BDA279E25BECD900067E2CA /* Base */,
			);
			name = LaunchScreen.storyboard;
			sourceTree = "<group>";
		};
/* End PBXVariantGroup section */

/* Begin XCBuildConfiguration section */
		8BDA27A125BECD900067E2CA /* Debug */ = {
			isa = XCBuildConfiguration;
			buildSettings = {
				ALWAYS_SEARCH_USER_PATHS = NO;
				CLANG_ANALYZER_NONNULL = YES;
				CLANG_ANALYZER_NUMBER_OBJECT_CONVERSION = YES_AGGRESSIVE;
				CLANG_CXX_LANGUAGE_STANDARD = "gnu++14";
				CLANG_CXX_LIBRARY = "libc++";
				CLANG_ENABLE_MODULES = YES;
				CLANG_ENABLE_OBJC_ARC = YES;
				CLANG_ENABLE_OBJC_WEAK = YES;
				CLANG_WARN_BLOCK_CAPTURE_AUTORELEASING = YES;
				CLANG_WARN_BOOL_CONVERSION = YES;
				CLANG_WARN_COMMA = YES;
				CLANG_WARN_CONSTANT_CONVERSION = YES;
				CLANG_WARN_DEPRECATED_OBJC_IMPLEMENTATIONS = YES;
				CLANG_WARN_DIRECT_OBJC_ISA_USAGE = YES_ERROR;
				CLANG_WARN_DOCUMENTATION_COMMENTS = YES;
				CLANG_WARN_EMPTY_BODY = YES;
				CLANG_WARN_ENUM_CONVERSION = YES;
				CLANG_WARN_INFINITE_RECURSION = YES;
				CLANG_WARN_INT_CONVERSION = YES;
				CLANG_WARN_NON_LITERAL_NULL_CONVERSION = YES;
				CLANG_WARN_OBJC_IMPLICIT_RETAIN_SELF = YES;
				CLANG_WARN_OBJC_LITERAL_CONVERSION = YES;
				CLANG_WARN_OBJC_ROOT_CLASS = YES_ERROR;
				CLANG_WARN_QUOTED_INCLUDE_IN_FRAMEWORK_HEADER = YES;
				CLANG_WARN_RANGE_LOOP_ANALYSIS = YES;
				CLANG_WARN_STRICT_PROTOTYPES = YES;
				CLANG_WARN_SUSPICIOUS_MOVE = YES;
				CLANG_WARN_UNGUARDED_AVAILABILITY = YES_AGGRESSIVE;
				CLANG_WARN_UNREACHABLE_CODE = YES;
				CLANG_WARN__DUPLICATE_METHOD_MATCH = YES;
				COPY_PHASE_STRIP = NO;
				DEBUG_INFORMATION_FORMAT = dwarf;
				ENABLE_STRICT_OBJC_MSGSEND = YES;
				ENABLE_TESTABILITY = YES;
				GCC_C_LANGUAGE_STANDARD = gnu11;
				GCC_DYNAMIC_NO_PIC = NO;
				GCC_NO_COMMON_BLOCKS = YES;
				GCC_OPTIMIZATION_LEVEL = 0;
				GCC_PREPROCESSOR_DEFINITIONS = (
					"DEBUG=1",
					"$(inherited)",
				);
				GCC_WARN_64_TO_32_BIT_CONVERSION = YES;
				GCC_WARN_ABOUT_RETURN_TYPE = YES_ERROR;
				GCC_WARN_UNDECLARED_SELECTOR = YES;
				GCC_WARN_UNINITIALIZED_AUTOS = YES_AGGRESSIVE;
				GCC_WARN_UNUSED_FUNCTION = YES;
				GCC_WARN_UNUSED_VARIABLE = YES;
				IPHONEOS_DEPLOYMENT_TARGET = 14.3;
				MTL_ENABLE_DEBUG_INFO = INCLUDE_SOURCE;
				MTL_FAST_MATH = YES;
				ONLY_ACTIVE_ARCH = YES;
				SDKROOT = iphoneos;
				SWIFT_ACTIVE_COMPILATION_CONDITIONS = DEBUG;
				SWIFT_OPTIMIZATION_LEVEL = "-Onone";
			};
			name = Debug;
		};
		8BDA27A225BECD900067E2CA /* Release */ = {
			isa = XCBuildConfiguration;
			buildSettings = {
				ALWAYS_SEARCH_USER_PATHS = NO;
				CLANG_ANALYZER_NONNULL = YES;
				CLANG_ANALYZER_NUMBER_OBJECT_CONVERSION = YES_AGGRESSIVE;
				CLANG_CXX_LANGUAGE_STANDARD = "gnu++14";
				CLANG_CXX_LIBRARY = "libc++";
				CLANG_ENABLE_MODULES = YES;
				CLANG_ENABLE_OBJC_ARC = YES;
				CLANG_ENABLE_OBJC_WEAK = YES;
				CLANG_WARN_BLOCK_CAPTURE_AUTORELEASING = YES;
				CLANG_WARN_BOOL_CONVERSION = YES;
				CLANG_WARN_COMMA = YES;
				CLANG_WARN_CONSTANT_CONVERSION = YES;
				CLANG_WARN_DEPRECATED_OBJC_IMPLEMENTATIONS = YES;
				CLANG_WARN_DIRECT_OBJC_ISA_USAGE = YES_ERROR;
				CLANG_WARN_DOCUMENTATION_COMMENTS = YES;
				CLANG_WARN_EMPTY_BODY = YES;
				CLANG_WARN_ENUM_CONVERSION = YES;
				CLANG_WARN_INFINITE_RECURSION = YES;
				CLANG_WARN_INT_CONVERSION = YES;
				CLANG_WARN_NON_LITERAL_NULL_CONVERSION = YES;
				CLANG_WARN_OBJC_IMPLICIT_RETAIN_SELF = YES;
				CLANG_WARN_OBJC_LITERAL_CONVERSION = YES;
				CLANG_WARN_OBJC_ROOT_CLASS = YES_ERROR;
				CLANG_WARN_QUOTED_INCLUDE_IN_FRAMEWORK_HEADER = YES;
				CLANG_WARN_RANGE_LOOP_ANALYSIS = YES;
				CLANG_WARN_STRICT_PROTOTYPES = YES;
				CLANG_WARN_SUSPICIOUS_MOVE = YES;
				CLANG_WARN_UNGUARDED_AVAILABILITY = YES_AGGRESSIVE;
				CLANG_WARN_UNREACHABLE_CODE = YES;
				CLANG_WARN__DUPLICATE_METHOD_MATCH = YES;
				COPY_PHASE_STRIP = NO;
				DEBUG_INFORMATION_FORMAT = "dwarf-with-dsym";
				ENABLE_NS_ASSERTIONS = NO;
				ENABLE_STRICT_OBJC_MSGSEND = YES;
				GCC_C_LANGUAGE_STANDARD = gnu11;
				GCC_NO_COMMON_BLOCKS = YES;
				GCC_WARN_64_TO_32_BIT_CONVERSION = YES;
				GCC_WARN_ABOUT_RETURN_TYPE = YES_ERROR;
				GCC_WARN_UNDECLARED_SELECTOR = YES;
				GCC_WARN_UNINITIALIZED_AUTOS = YES_AGGRESSIVE;
				GCC_WARN_UNUSED_FUNCTION = YES;
				GCC_WARN_UNUSED_VARIABLE = YES;
				IPHONEOS_DEPLOYMENT_TARGET = 14.3;
				MTL_ENABLE_DEBUG_INFO = NO;
				MTL_FAST_MATH = YES;
				SDKROOT = iphoneos;
				SWIFT_COMPILATION_MODE = wholemodule;
				SWIFT_OPTIMIZATION_LEVEL = "-O";
				VALIDATE_PRODUCT = YES;
			};
			name = Release;
		};
		8BDA27A425BECD900067E2CA /* Debug */ = {
			isa = XCBuildConfiguration;
			baseConfigurationReference = E567DA541CD2FA1A5DE57090 /* Pods-GoldPriceApp.debug.xcconfig */;
			buildSettings = {
				ASSETCATALOG_COMPILER_APPICON_NAME = AppIcon;
				ASSETCATALOG_COMPILER_GLOBAL_ACCENT_COLOR_NAME = AccentColor;
				CODE_SIGN_STYLE = Automatic;
				DEVELOPMENT_TEAM = PX8X39CT9Y;
				INFOPLIST_FILE = GoldPriceApp/Info.plist;
				LD_RUNPATH_SEARCH_PATHS = (
					"$(inherited)",
					"@executable_path/Frameworks",
				);
				PRODUCT_BUNDLE_IDENTIFIER = "com.gmail-teera.anurak.GoldPriceApp";
				PRODUCT_NAME = "$(TARGET_NAME)";
				SWIFT_VERSION = 5.0;
				TARGETED_DEVICE_FAMILY = "1,2";
			};
			name = Debug;
		};
		8BDA27A525BECD900067E2CA /* Release */ = {
			isa = XCBuildConfiguration;
			baseConfigurationReference = 0D74405918A77E2AFE36BF8A /* Pods-GoldPriceApp.release.xcconfig */;
			buildSettings = {
				ASSETCATALOG_COMPILER_APPICON_NAME = AppIcon;
				ASSETCATALOG_COMPILER_GLOBAL_ACCENT_COLOR_NAME = AccentColor;
				CODE_SIGN_STYLE = Automatic;
				DEVELOPMENT_TEAM = PX8X39CT9Y;
				INFOPLIST_FILE = GoldPriceApp/Info.plist;
				LD_RUNPATH_SEARCH_PATHS = (
					"$(inherited)",
					"@executable_path/Frameworks",
				);
				PRODUCT_BUNDLE_IDENTIFIER = "com.gmail-teera.anurak.GoldPriceApp";
				PRODUCT_NAME = "$(TARGET_NAME)";
				SWIFT_VERSION = 5.0;
				TARGETED_DEVICE_FAMILY = "1,2";
			};
			name = Release;
		};
/* End XCBuildConfiguration section */

/* Begin XCConfigurationList section */
		8BDA278A25BECD8F0067E2CA /* Build configuration list for PBXProject "GoldPriceApp" */ = {
			isa = XCConfigurationList;
			buildConfigurations = (
				8BDA27A125BECD900067E2CA /* Debug */,
				8BDA27A225BECD900067E2CA /* Release */,
			);
			defaultConfigurationIsVisible = 0;
			defaultConfigurationName = Release;
		};
		8BDA27A325BECD900067E2CA /* Build configuration list for PBXNativeTarget "GoldPriceApp" */ = {
			isa = XCConfigurationList;
			buildConfigurations = (
				8BDA27A425BECD900067E2CA /* Debug */,
				8BDA27A525BECD900067E2CA /* Release */,
			);
			defaultConfigurationIsVisible = 0;
			defaultConfigurationName = Release;
		};
/* End XCConfigurationList section */
	};
	rootObject = 8BDA278725BECD8F0067E2CA /* Project object */;
}
